
Microsoft Visual Studio Solution File, Format Version 12.00
# Visual Studio 15
VisualStudioVersion = 15.0.26730.16
MinimumVisualStudioVersion = 10.0.40219.1
Project("{FAE04EC0-301F-11D3-BF4B-00C04F79EFBC}") = "Kefron", "Kefron\Kefron.csproj", "{51314619-6F57-488F-8D8E-590C3A98A92C}"
EndProject
Global
	GlobalSection(SolutionConfigurationPlatforms) = preSolution
		Debug|Any CPU = Debug|Any CPU
		Release|Any CPU = Release|Any CPU
	EndGlobalSection
	GlobalSection(ProjectConfigurationPlatforms) = postSolution
		{51314619-6F57-488F-8D8E-590C3A98A92C}.Debug|Any CPU.ActiveCfg = Debug|Any CPU
		{51314619-6F57-488F-8D8E-590C3A98A92C}.Debug|Any CPU.Build.0 = Debug|Any CPU
		{51314619-6F57-488F-8D8E-590C3A98A92C}.Release|Any CPU.ActiveCfg = Release|Any CPU
		{51314619-6F57-488F-8D8E-590C3A98A92C}.Release|Any CPU.Build.0 = Release|Any CPU
	EndGlobalSection
	GlobalSection(SolutionProperties) = preSolution
		HideSolutionNode = FALSE
	EndGlobalSection
	GlobalSection(ExtensibilityGlobals) = postSolution
		SolutionGuid = {EBC4DBC1-2622-431F-938C-BC678C958C35}
	EndGlobalSection
EndGlobal
